
Microsoft Visual Studio Solution File, Format Version 12.00
# Visual Studio Version 16
VisualStudioVersion = 16.0.30523.141
MinimumVisualStudioVersion = 10.0.40219.1
Project("{FAE04EC0-301F-11D3-BF4B-00C04F79EFBC}") = "GrpcGreeter", "GrpcGreeter.csproj", "{C06FE372-4702-4AAA-8C05-6C2B0E03A20A}"
EndProject
Global
	GlobalSection(SolutionConfigurationPlatforms) = preSolution
		Debug|Any CPU = Debug|Any CPU
		Release|Any CPU = Release|Any CPU
	EndGlobalSection
	GlobalSection(ProjectConfigurationPlatforms) = postSolution
		{C06FE372-4702-4AAA-8C05-6C2B0E03A20A}.Debug|Any CPU.ActiveCfg = Debug|Any CPU
		{C06FE372-4702-4AAA-8C05-6C2B0E03A20A}.Debug|Any CPU.Build.0 = Debug|Any CPU
		{C06FE372-4702-4AAA-8C05-6C2B0E03A20A}.Release|Any CPU.ActiveCfg = Release|Any CPU
		{C06FE372-4702-4AAA-8C05-6C2B0E03A20A}.Release|Any CPU.Build.0 = Release|Any CPU
	EndGlobalSection
	GlobalSection(SolutionProperties) = preSolution
		HideSolutionNode = FALSE
	EndGlobalSection
	GlobalSection(ExtensibilityGlobals) = postSolution
		SolutionGuid = {6DE7D920-6383-450A-A97C-BE39A932B402}
	EndGlobalSection
EndGlobal
